
Microsoft Visual Studio Solution File, Format Version 12.00
# Visual Studio 14
VisualStudioVersion = 14.0.25123.0
MinimumVisualStudioVersion = 10.0.40219.1
Project("{FAE04EC0-301F-11D3-BF4B-00C04F79EFBC}") = "my-robot-zone-robot-server-owi-arm", "my-robot-zone-owi-arm\my-robot-zone-robot-server-owi-arm.csproj", "{6D811386-6983-42B2-BCB9-C58C103CC91A}"
EndProject
Project("{2150E333-8FDC-42A3-9474-1A3956D46DE8}") = ".nuget", ".nuget", "{435D3606-4F9B-4724-B919-D0FBCCEE5A57}"
	ProjectSection(SolutionItems) = preProject
		.nuget\NuGet.Config = .nuget\NuGet.Config
		.nuget\NuGet.exe = .nuget\NuGet.exe
		.nuget\NuGet.targets = .nuget\NuGet.targets
	EndProjectSection
EndProject
Project("{FAE04EC0-301F-11D3-BF4B-00C04F79EFBC}") = "my-robot-zone-robot-server", "my-robot-zone-robot-server\my-robot-zone-robot-server.csproj", "{3894B7ED-BEF7-41CA-8874-E2F5EC8D0997}"
EndProject
Project("{FAE04EC0-301F-11D3-BF4B-00C04F79EFBC}") = "MyRobotZone.Droid", "MyRobotZone\MyRobotZone.Droid\MyRobotZone.Droid.csproj", "{9D7478F2-10FE-4B2C-8FAB-D0389D517506}"
EndProject
Project("{FAE04EC0-301F-11D3-BF4B-00C04F79EFBC}") = "MyRobotZone.UWP", "MyRobotZone\MyRobotZone.UWP\MyRobotZone.UWP.csproj", "{7C271CAA-07A2-4430-B7AC-3B749FE4BE17}"
EndProject
Project("{FAE04EC0-301F-11D3-BF4B-00C04F79EFBC}") = "MyRobotZone", "MyRobotZone\MyRobotZone\MyRobotZone.csproj", "{71E1FC33-6835-4CBC-A34E-CE3E310A8400}"
EndProject
Project("{FAE04EC0-301F-11D3-BF4B-00C04F79EFBC}") = "MyRobotZoneTest", "MyRobotZoneTest\MyRobotZoneTest.csproj", "{F39725DD-FE66-42D2-B086-AB9D3E6777EB}"
EndProject
Global
	GlobalSection(SolutionConfigurationPlatforms) = preSolution
		Debug|Any CPU = Debug|Any CPU
		Debug|ARM = Debug|ARM
		Debug|x64 = Debug|x64
		Debug|x86 = Debug|x86
		Release|Any CPU = Release|Any CPU
		Release|ARM = Release|ARM
		Release|x64 = Release|x64
		Release|x86 = Release|x86
	EndGlobalSection
	GlobalSection(ProjectConfigurationPlatforms) = postSolution
		{6D811386-6983-42B2-BCB9-C58C103CC91A}.Debug|Any CPU.ActiveCfg = Debug|Any CPU
		{6D811386-6983-42B2-BCB9-C58C103CC91A}.Debug|Any CPU.Build.0 = Debug|Any CPU
		{6D811386-6983-42B2-BCB9-C58C103CC91A}.Debug|ARM.ActiveCfg = Debug|Any CPU
		{6D811386-6983-42B2-BCB9-C58C103CC91A}.Debug|ARM.Build.0 = Debug|Any CPU
		{6D811386-6983-42B2-BCB9-C58C103CC91A}.Debug|x64.ActiveCfg = Debug|Any CPU
		{6D811386-6983-42B2-BCB9-C58C103CC91A}.Debug|x64.Build.0 = Debug|Any CPU
		{6D811386-6983-42B2-BCB9-C58C103CC91A}.Debug|x86.ActiveCfg = Debug|Any CPU
		{6D811386-6983-42B2-BCB9-C58C103CC91A}.Debug|x86.Build.0 = Debug|Any CPU
		{6D811386-6983-42B2-BCB9-C58C103CC91A}.Release|Any CPU.ActiveCfg = Release|Any CPU
		{6D811386-6983-42B2-BCB9-C58C103CC91A}.Release|Any CPU.Build.0 = Release|Any CPU
		{6D811386-6983-42B2-BCB9-C58C103CC91A}.Release|ARM.ActiveCfg = Release|Any CPU
		{6D811386-6983-42B2-BCB9-C58C103CC91A}.Release|ARM.Build.0 = Release|Any CPU
		{6D811386-6983-42B2-BCB9-C58C103CC91A}.Release|x64.ActiveCfg = Release|Any CPU
		{6D811386-6983-42B2-BCB9-C58C103CC91A}.Release|x64.Build.0 = Release|Any CPU
		{6D811386-6983-42B2-BCB9-C58C103CC91A}.Release|x86.ActiveCfg = Release|Any CPU
		{6D811386-6983-42B2-BCB9-C58C103CC91A}.Release|x86.Build.0 = Release|Any CPU
		{3894B7ED-BEF7-41CA-8874-E2F5EC8D0997}.Debug|Any CPU.ActiveCfg = Debug|Any CPU
		{3894B7ED-BEF7-41CA-8874-E2F5EC8D0997}.Debug|Any CPU.Build.0 = Debug|Any CPU
		{3894B7ED-BEF7-41CA-8874-E2F5EC8D0997}.Debug|ARM.ActiveCfg = Debug|Any CPU
		{3894B7ED-BEF7-41CA-8874-E2F5EC8D0997}.Debug|ARM.Build.0 = Debug|Any CPU
		{3894B7ED-BEF7-41CA-8874-E2F5EC8D0997}.Debug|x64.ActiveCfg = Debug|Any CPU
		{3894B7ED-BEF7-41CA-8874-E2F5EC8D0997}.Debug|x64.Build.0 = Debug|Any CPU
		{3894B7ED-BEF7-41CA-8874-E2F5EC8D0997}.Debug|x86.ActiveCfg = Debug|Any CPU
		{3894B7ED-BEF7-41CA-8874-E2F5EC8D0997}.Debug|x86.Build.0 = Debug|Any CPU
		{3894B7ED-BEF7-41CA-8874-E2F5EC8D0997}.Release|Any CPU.ActiveCfg = Release|Any CPU
		{3894B7ED-BEF7-41CA-8874-E2F5EC8D0997}.Release|Any CPU.Build.0 = Release|Any CPU
		{3894B7ED-BEF7-41CA-8874-E2F5EC8D0997}.Release|ARM.ActiveCfg = Release|Any CPU
		{3894B7ED-BEF7-41CA-8874-E2F5EC8D0997}.Release|ARM.Build.0 = Release|Any CPU
		{3894B7ED-BEF7-41CA-8874-E2F5EC8D0997}.Release|x64.ActiveCfg = Release|Any CPU
		{3894B7ED-BEF7-41CA-8874-E2F5EC8D0997}.Release|x64.Build.0 = Release|Any CPU
		{3894B7ED-BEF7-41CA-8874-E2F5EC8D0997}.Release|x86.ActiveCfg = Release|Any CPU
		{3894B7ED-BEF7-41CA-8874-E2F5EC8D0997}.Release|x86.Build.0 = Release|Any CPU
		{9D7478F2-10FE-4B2C-8FAB-D0389D517506}.Debug|Any CPU.ActiveCfg = Debug|Any CPU
		{9D7478F2-10FE-4B2C-8FAB-D0389D517506}.Debug|Any CPU.Build.0 = Debug|Any CPU
		{9D7478F2-10FE-4B2C-8FAB-D0389D517506}.Debug|Any CPU.Deploy.0 = Debug|Any CPU
		{9D7478F2-10FE-4B2C-8FAB-D0389D517506}.Debug|ARM.ActiveCfg = Debug|Any CPU
		{9D7478F2-10FE-4B2C-8FAB-D0389D517506}.Debug|ARM.Build.0 = Debug|Any CPU
		{9D7478F2-10FE-4B2C-8FAB-D0389D517506}.Debug|ARM.Deploy.0 = Debug|Any CPU
		{9D7478F2-10FE-4B2C-8FAB-D0389D517506}.Debug|x64.ActiveCfg = Debug|Any CPU
		{9D7478F2-10FE-4B2C-8FAB-D0389D517506}.Debug|x64.Build.0 = Debug|Any CPU
		{9D7478F2-10FE-4B2C-8FAB-D0389D517506}.Debug|x64.Deploy.0 = Debug|Any CPU
		{9D7478F2-10FE-4B2C-8FAB-D0389D517506}.Debug|x86.ActiveCfg = Debug|Any CPU
		{9D7478F2-10FE-4B2C-8FAB-D0389D517506}.Debug|x86.Build.0 = Debug|Any CPU
		{9D7478F2-10FE-4B2C-8FAB-D0389D517506}.Debug|x86.Deploy.0 = Debug|Any CPU
		{9D7478F2-10FE-4B2C-8FAB-D0389D517506}.Release|Any CPU.ActiveCfg = Release|Any CPU
		{9D7478F2-10FE-4B2C-8FAB-D0389D517506}.Release|Any CPU.Build.0 = Release|Any CPU
		{9D7478F2-10FE-4B2C-8FAB-D0389D517506}.Release|Any CPU.Deploy.0 = Release|Any CPU
		{9D7478F2-10FE-4B2C-8FAB-D0389D517506}.Release|ARM.ActiveCfg = Release|Any CPU
		{9D7478F2-10FE-4B2C-8FAB-D0389D517506}.Release|ARM.Build.0 = Release|Any CPU
		{9D7478F2-10FE-4B2C-8FAB-D0389D517506}.Release|ARM.Deploy.0 = Release|Any CPU
		{9D7478F2-10FE-4B2C-8FAB-D0389D517506}.Release|x64.ActiveCfg = Release|Any CPU
		{9D7478F2-10FE-4B2C-8FAB-D0389D517506}.Release|x64.Build.0 = Release|Any CPU
		{9D7478F2-10FE-4B2C-8FAB-D0389D517506}.Release|x64.Deploy.0 = Release|Any CPU
		{9D7478F2-10FE-4B2C-8FAB-D0389D517506}.Release|x86.ActiveCfg = Release|Any CPU
		{9D7478F2-10FE-4B2C-8FAB-D0389D517506}.Release|x86.Build.0 = Release|Any CPU
		{9D7478F2-10FE-4B2C-8FAB-D0389D517506}.Release|x86.Deploy.0 = Release|Any CPU
		{7C271CAA-07A2-4430-B7AC-3B749FE4BE17}.Debug|Any CPU.ActiveCfg = Debug|x86
		{7C271CAA-07A2-4430-B7AC-3B749FE4BE17}.Debug|ARM.ActiveCfg = Debug|ARM
		{7C271CAA-07A2-4430-B7AC-3B749FE4BE17}.Debug|ARM.Build.0 = Debug|ARM
		{7C271CAA-07A2-4430-B7AC-3B749FE4BE17}.Debug|ARM.Deploy.0 = Debug|ARM
		{7C271CAA-07A2-4430-B7AC-3B749FE4BE17}.Debug|x64.ActiveCfg = Debug|x64
		{7C271CAA-07A2-4430-B7AC-3B749FE4BE17}.Debug|x64.Build.0 = Debug|x64
		{7C271CAA-07A2-4430-B7AC-3B749FE4BE17}.Debug|x64.Deploy.0 = Debug|x64
		{7C271CAA-07A2-4430-B7AC-3B749FE4BE17}.Debug|x86.ActiveCfg = Debug|x86
		{7C271CAA-07A2-4430-B7AC-3B749FE4BE17}.Debug|x86.Build.0 = Debug|x86
		{7C271CAA-07A2-4430-B7AC-3B749FE4BE17}.Debug|x86.Deploy.0 = Debug|x86
		{7C271CAA-07A2-4430-B7AC-3B749FE4BE17}.Release|Any CPU.ActiveCfg = Release|x86
		{7C271CAA-07A2-4430-B7AC-3B749FE4BE17}.Release|ARM.ActiveCfg = Release|ARM
		{7C271CAA-07A2-4430-B7AC-3B749FE4BE17}.Release|ARM.Build.0 = Release|ARM
		{7C271CAA-07A2-4430-B7AC-3B749FE4BE17}.Release|ARM.Deploy.0 = Release|ARM
		{7C271CAA-07A2-4430-B7AC-3B749FE4BE17}.Release|x64.ActiveCfg = Release|x64
		{7C271CAA-07A2-4430-B7AC-3B749FE4BE17}.Release|x64.Build.0 = Release|x64
		{7C271CAA-07A2-4430-B7AC-3B749FE4BE17}.Release|x64.Deploy.0 = Release|x64
		{7C271CAA-07A2-4430-B7AC-3B749FE4BE17}.Release|x86.ActiveCfg = Release|x86
		{7C271CAA-07A2-4430-B7AC-3B749FE4BE17}.Release|x86.Build.0 = Release|x86
		{7C271CAA-07A2-4430-B7AC-3B749FE4BE17}.Release|x86.Deploy.0 = Release|x86
		{71E1FC33-6835-4CBC-A34E-CE3E310A8400}.Debug|Any CPU.ActiveCfg = Debug|Any CPU
		{71E1FC33-6835-4CBC-A34E-CE3E310A8400}.Debug|Any CPU.Build.0 = Debug|Any CPU
		{71E1FC33-6835-4CBC-A34E-CE3E310A8400}.Debug|ARM.ActiveCfg = Debug|Any CPU
		{71E1FC33-6835-4CBC-A34E-CE3E310A8400}.Debug|ARM.Build.0 = Debug|Any CPU
		{71E1FC33-6835-4CBC-A34E-CE3E310A8400}.Debug|x64.ActiveCfg = Debug|Any CPU
		{71E1FC33-6835-4CBC-A34E-CE3E310A8400}.Debug|x64.Build.0 = Debug|Any CPU
		{71E1FC33-6835-4CBC-A34E-CE3E310A8400}.Debug|x86.ActiveCfg = Debug|Any CPU
		{71E1FC33-6835-4CBC-A34E-CE3E310A8400}.Debug|x86.Build.0 = Debug|Any CPU
		{71E1FC33-6835-4CBC-A34E-CE3E310A8400}.Release|Any CPU.ActiveCfg = Release|Any CPU
		{71E1FC33-6835-4CBC-A34E-CE3E310A8400}.Release|Any CPU.Build.0 = Release|Any CPU
		{71E1FC33-6835-4CBC-A34E-CE3E310A8400}.Release|ARM.ActiveCfg = Release|Any CPU
		{71E1FC33-6835-4CBC-A34E-CE3E310A8400}.Release|ARM.Build.0 = Release|Any CPU
		{71E1FC33-6835-4CBC-A34E-CE3E310A8400}.Release|x64.ActiveCfg = Release|Any CPU
		{71E1FC33-6835-4CBC-A34E-CE3E310A8400}.Release|x64.Build.0 = Release|Any CPU
		{71E1FC33-6835-4CBC-A34E-CE3E310A8400}.Release|x86.ActiveCfg = Release|Any CPU
		{71E1FC33-6835-4CBC-A34E-CE3E310A8400}.Release|x86.Build.0 = Release|Any CPU
		{F39725DD-FE66-42D2-B086-AB9D3E6777EB}.Debug|Any CPU.ActiveCfg = Debug|Any CPU
		{F39725DD-FE66-42D2-B086-AB9D3E6777EB}.Debug|Any CPU.Build.0 = Debug|Any CPU
		{F39725DD-FE66-42D2-B086-AB9D3E6777EB}.Debug|ARM.ActiveCfg = Debug|Any CPU
		{F39725DD-FE66-42D2-B086-AB9D3E6777EB}.Debug|ARM.Build.0 = Debug|Any CPU
		{F39725DD-FE66-42D2-B086-AB9D3E6777EB}.Debug|x64.ActiveCfg = Debug|Any CPU
		{F39725DD-FE66-42D2-B086-AB9D3E6777EB}.Debug|x64.Build.0 = Debug|Any CPU
		{F39725DD-FE66-42D2-B086-AB9D3E6777EB}.Debug|x86.ActiveCfg = Debug|Any CPU
		{F39725DD-FE66-42D2-B086-AB9D3E6777EB}.Debug|x86.Build.0 = Debug|Any CPU
		{F39725DD-FE66-42D2-B086-AB9D3E6777EB}.Release|Any CPU.ActiveCfg = Release|Any CPU
		{F39725DD-FE66-42D2-B086-AB9D3E6777EB}.Release|Any CPU.Build.0 = Release|Any CPU
		{F39725DD-FE66-42D2-B086-AB9D3E6777EB}.Release|ARM.ActiveCfg = Release|Any CPU
		{F39725DD-FE66-42D2-B086-AB9D3E6777EB}.Release|ARM.Build.0 = Release|Any CPU
		{F39725DD-FE66-42D2-B086-AB9D3E6777EB}.Release|x64.ActiveCfg = Release|Any CPU
		{F39725DD-FE66-42D2-B086-AB9D3E6777EB}.Release|x64.Build.0 = Release|Any CPU
		{F39725DD-FE66-42D2-B086-AB9D3E6777EB}.Release|x86.ActiveCfg = Release|Any CPU
		{F39725DD-FE66-42D2-B086-AB9D3E6777EB}.Release|x86.Build.0 = Release|Any CPU
	EndGlobalSection
	GlobalSection(SolutionProperties) = preSolution
		HideSolutionNode = FALSE
	EndGlobalSection
EndGlobal
